
Microsoft Visual Studio Solution File, Format Version 12.00
# Visual Studio 15
VisualStudioVersion = 15.0.27428.2037
MinimumVisualStudioVersion = 10.0.40219.1
Project("{FAE04EC0-301F-11D3-BF4B-00C04F79EFBC}") = "LmsWhinker", "LmsWhinker\LmsWhinker.csproj", "{8CF32D47-C04B-4019-80DE-198500C5D66C}"
EndProject
Project("{FAE04EC0-301F-11D3-BF4B-00C04F79EFBC}") = "LmsWhinker.Tests", "LmsWhinker.Tests\LmsWhinker.Tests.csproj", "{27D6B0CD-30FE-4566-9843-ED64A1E691CB}"
EndProject
Global
	GlobalSection(SolutionConfigurationPlatforms) = preSolution
		Debug|Any CPU = Debug|Any CPU
		Release|Any CPU = Release|Any CPU
	EndGlobalSection
	GlobalSection(ProjectConfigurationPlatforms) = postSolution
		{8CF32D47-C04B-4019-80DE-198500C5D66C}.Debug|Any CPU.ActiveCfg = Debug|Any CPU
		{8CF32D47-C04B-4019-80DE-198500C5D66C}.Debug|Any CPU.Build.0 = Debug|Any CPU
		{8CF32D47-C04B-4019-80DE-198500C5D66C}.Release|Any CPU.ActiveCfg = Release|Any CPU
		{8CF32D47-C04B-4019-80DE-198500C5D66C}.Release|Any CPU.Build.0 = Release|Any CPU
		{27D6B0CD-30FE-4566-9843-ED64A1E691CB}.Debug|Any CPU.ActiveCfg = Debug|Any CPU
		{27D6B0CD-30FE-4566-9843-ED64A1E691CB}.Debug|Any CPU.Build.0 = Debug|Any CPU
		{27D6B0CD-30FE-4566-9843-ED64A1E691CB}.Release|Any CPU.ActiveCfg = Release|Any CPU
		{27D6B0CD-30FE-4566-9843-ED64A1E691CB}.Release|Any CPU.Build.0 = Release|Any CPU
	EndGlobalSection
	GlobalSection(SolutionProperties) = preSolution
		HideSolutionNode = FALSE
	EndGlobalSection
	GlobalSection(ExtensibilityGlobals) = postSolution
		SolutionGuid = {2935F79D-586D-40CC-8925-441C8742431E}
	EndGlobalSection
EndGlobal
